
Microsoft Visual Studio Solution File, Format Version 12.00
# Visual Studio 14
VisualStudioVersion = 14.0.25420.1
MinimumVisualStudioVersion = 10.0.40219.1
Project("{FAE04EC0-301F-11D3-BF4B-00C04F79EFBC}") = "Tours.Models", "Tours.Models\Tours.Models.csproj", "{3E13494D-015F-4313-B286-A72CEBAC4D7D}"
EndProject
Project("{FAE04EC0-301F-11D3-BF4B-00C04F79EFBC}") = "Tours.Console", "Tours.Console\Tours.Console.csproj", "{8CF8B56C-EAF7-4C17-9D60-FD2391497BC9}"
EndProject
Global
	GlobalSection(SolutionConfigurationPlatforms) = preSolution
		Debug|Any CPU = Debug|Any CPU
		Release|Any CPU = Release|Any CPU
	EndGlobalSection
	GlobalSection(ProjectConfigurationPlatforms) = postSolution
		{3E13494D-015F-4313-B286-A72CEBAC4D7D}.Debug|Any CPU.ActiveCfg = Debug|Any CPU
		{3E13494D-015F-4313-B286-A72CEBAC4D7D}.Debug|Any CPU.Build.0 = Debug|Any CPU
		{3E13494D-015F-4313-B286-A72CEBAC4D7D}.Release|Any CPU.ActiveCfg = Release|Any CPU
		{3E13494D-015F-4313-B286-A72CEBAC4D7D}.Release|Any CPU.Build.0 = Release|Any CPU
		{8CF8B56C-EAF7-4C17-9D60-FD2391497BC9}.Debug|Any CPU.ActiveCfg = Debug|Any CPU
		{8CF8B56C-EAF7-4C17-9D60-FD2391497BC9}.Debug|Any CPU.Build.0 = Debug|Any CPU
		{8CF8B56C-EAF7-4C17-9D60-FD2391497BC9}.Release|Any CPU.ActiveCfg = Release|Any CPU
		{8CF8B56C-EAF7-4C17-9D60-FD2391497BC9}.Release|Any CPU.Build.0 = Release|Any CPU
	EndGlobalSection
	GlobalSection(SolutionProperties) = preSolution
		HideSolutionNode = FALSE
	EndGlobalSection
EndGlobal
